// !$*UTF8*$!
{
	archiveVersion = 1;
	classes = {
	};
	objectVersion = 52;
	objects = {

/* Begin PBXBuildFile section */
		242DDE132B628E21004BA08A /* RecetaViewController.swift in Sources */ = {isa = PBXBuildFile; fileRef = 242DDE122B628E21004BA08A /* RecetaViewController.swift */; };
		24BB72C32B612AAE00A0F82B /* AppDelegate.swift in Sources */ = {isa = PBXBuildFile; fileRef = 24BB72C22B612AAE00A0F82B /* AppDelegate.swift */; };
		24BB72C52B612AAE00A0F82B /* SceneDelegate.swift in Sources */ = {isa = PBXBuildFile; fileRef = 24BB72C42B612AAE00A0F82B /* SceneDelegate.swift */; };
		24BB72C72B612AAE00A0F82B /* ViewController.swift in Sources */ = {isa = PBXBuildFile; fileRef = 24BB72C62B612AAE00A0F82B /* ViewController.swift */; };
		24BB72CA2B612AAE00A0F82B /* Main.storyboard in Resources */ = {isa = PBXBuildFile; fileRef = 24BB72C82B612AAE00A0F82B /* Main.storyboard */; };
		24BB72CC2B612AAF00A0F82B /* Assets.xcassets in Resources */ = {isa = PBXBuildFile; fileRef = 24BB72CB2B612AAF00A0F82B /* Assets.xcassets */; };
		24BB72CF2B612AAF00A0F82B /* LaunchScreen.storyboard in Resources */ = {isa = PBXBuildFile; fileRef = 24BB72CD2B612AAF00A0F82B /* LaunchScreen.storyboard */; };
		24BB72DA2B612AAF00A0F82B /* RecetasIosTests.swift in Sources */ = {isa = PBXBuildFile; fileRef = 24BB72D92B612AAF00A0F82B /* RecetasIosTests.swift */; };
		24BB72E52B612AAF00A0F82B /* RecetasIosUITests.swift in Sources */ = {isa = PBXBuildFile; fileRef = 24BB72E42B612AAF00A0F82B /* RecetasIosUITests.swift */; };
		24BB72F72B612B2F00A0F82B /* Alamofire in Frameworks */ = {isa = PBXBuildFile; productRef = 24BB72F62B612B2F00A0F82B /* Alamofire */; };
		24BB72FD2B612B6800A0F82B /* AlamofireImage in Frameworks */ = {isa = PBXBuildFile; productRef = 24BB72FC2B612B6800A0F82B /* AlamofireImage */; };
		24BB73032B612C7300A0F82B /* modelos.swift in Sources */ = {isa = PBXBuildFile; fileRef = 24BB73022B612C7300A0F82B /* modelos.swift */; };
		24BB73092B612CC800A0F82B /* ApiConexiones.swift in Sources */ = {isa = PBXBuildFile; fileRef = 24BB73082B612CC800A0F82B /* ApiConexiones.swift */; };
		24BB730F2B61335200A0F82B /* CeldaCategoriesTableViewCell.swift in Sources */ = {isa = PBXBuildFile; fileRef = 24BB730E2B61335200A0F82B /* CeldaCategoriesTableViewCell.swift */; };
		24BB73142B61439F00A0F82B /* MealsViewController.swift in Sources */ = {isa = PBXBuildFile; fileRef = 24BB73132B61439F00A0F82B /* MealsViewController.swift */; };
/* End PBXBuildFile section */

/* Begin PBXContainerItemProxy section */
		24BB72D62B612AAF00A0F82B /* PBXContainerItemProxy */ = {
			isa = PBXContainerItemProxy;
			containerPortal = 24BB72B72B612AAE00A0F82B /* Project object */;
			proxyType = 1;
			remoteGlobalIDString = 24BB72BE2B612AAE00A0F82B;
			remoteInfo = RecetasIos;
		};
		24BB72E12B612AAF00A0F82B /* PBXContainerItemProxy */ = {
			isa = PBXContainerItemProxy;
			containerPortal = 24BB72B72B612AAE00A0F82B /* Project object */;
			proxyType = 1;
			remoteGlobalIDString = 24BB72BE2B612AAE00A0F82B;
			remoteInfo = RecetasIos;
		};
/* End PBXContainerItemProxy section */

/* Begin PBXFileReference section */
		242DDE122B628E21004BA08A /* RecetaViewController.swift */ = {isa = PBXFileReference; lastKnownFileType = sourcecode.swift; path = RecetaViewController.swift; sourceTree = "<group>"; };
		24BB72BF2B612AAE00A0F82B /* RecetasIos.app */ = {isa = PBXFileReference; explicitFileType = wrapper.application; includeInIndex = 0; path = RecetasIos.app; sourceTree = BUILT_PRODUCTS_DIR; };
		24BB72C22B612AAE00A0F82B /* AppDelegate.swift */ = {isa = PBXFileReference; lastKnownFileType = sourcecode.swift; path = AppDelegate.swift; sourceTree = "<group>"; };
		24BB72C42B612AAE00A0F82B /* SceneDelegate.swift */ = {isa = PBXFileReference; lastKnownFileType = sourcecode.swift; path = SceneDelegate.swift; sourceTree = "<group>"; };
		24BB72C62B612AAE00A0F82B /* ViewController.swift */ = {isa = PBXFileReference; lastKnownFileType = sourcecode.swift; path = ViewController.swift; sourceTree = "<group>"; };
		24BB72C92B612AAE00A0F82B /* Base */ = {isa = PBXFileReference; lastKnownFileType = file.storyboard; name = Base; path = Base.lproj/Main.storyboard; sourceTree = "<group>"; };
		24BB72CB2B612AAF00A0F82B /* Assets.xcassets */ = {isa = PBXFileReference; lastKnownFileType = folder.assetcatalog; path = Assets.xcassets; sourceTree = "<group>"; };
		24BB72CE2B612AAF00A0F82B /* Base */ = {isa = PBXFileReference; lastKnownFileType = file.storyboard; name = Base; path = Base.lproj/LaunchScreen.storyboard; sourceTree = "<group>"; };
		24BB72D02B612AAF00A0F82B /* Info.plist */ = {isa = PBXFileReference; lastKnownFileType = text.plist.xml; path = Info.plist; sourceTree = "<group>"; };
		24BB72D52B612AAF00A0F82B /* RecetasIosTests.xctest */ = {isa = PBXFileReference; explicitFileType = wrapper.cfbundle; includeInIndex = 0; path = RecetasIosTests.xctest; sourceTree = BUILT_PRODUCTS_DIR; };
		24BB72D92B612AAF00A0F82B /* RecetasIosTests.swift */ = {isa = PBXFileReference; lastKnownFileType = sourcecode.swift; path = RecetasIosTests.swift; sourceTree = "<group>"; };
		24BB72DB2B612AAF00A0F82B /* Info.plist */ = {isa = PBXFileReference; lastKnownFileType = text.plist.xml; path = Info.plist; sourceTree = "<group>"; };
		24BB72E02B612AAF00A0F82B /* RecetasIosUITests.xctest */ = {isa = PBXFileReference; explicitFileType = wrapper.cfbundle; includeInIndex = 0; path = RecetasIosUITests.xctest; sourceTree = BUILT_PRODUCTS_DIR; };
		24BB72E42B612AAF00A0F82B /* RecetasIosUITests.swift */ = {isa = PBXFileReference; lastKnownFileType = sourcecode.swift; path = RecetasIosUITests.swift; sourceTree = "<group>"; };
		24BB72E62B612AAF00A0F82B /* Info.plist */ = {isa = PBXFileReference; lastKnownFileType = text.plist.xml; path = Info.plist; sourceTree = "<group>"; };
		24BB73022B612C7300A0F82B /* modelos.swift */ = {isa = PBXFileReference; lastKnownFileType = sourcecode.swift; path = modelos.swift; sourceTree = "<group>"; };
		24BB73082B612CC800A0F82B /* ApiConexiones.swift */ = {isa = PBXFileReference; lastKnownFileType = sourcecode.swift; path = ApiConexiones.swift; sourceTree = "<group>"; };
		24BB730E2B61335200A0F82B /* CeldaCategoriesTableViewCell.swift */ = {isa = PBXFileReference; lastKnownFileType = sourcecode.swift; path = CeldaCategoriesTableViewCell.swift; sourceTree = "<group>"; };
		24BB73132B61439F00A0F82B /* MealsViewController.swift */ = {isa = PBXFileReference; lastKnownFileType = sourcecode.swift; path = MealsViewController.swift; sourceTree = "<group>"; };
/* End PBXFileReference section */

/* Begin PBXFrameworksBuildPhase section */
		24BB72BC2B612AAE00A0F82B /* Frameworks */ = {
			isa = PBXFrameworksBuildPhase;
			buildActionMask = 2147483647;
			files = (
				24BB72F72B612B2F00A0F82B /* Alamofire in Frameworks */,
				24BB72FD2B612B6800A0F82B /* AlamofireImage in Frameworks */,
			);
			runOnlyForDeploymentPostprocessing = 0;
		};
		24BB72D22B612AAF00A0F82B /* Frameworks */ = {
			isa = PBXFrameworksBuildPhase;
			buildActionMask = 2147483647;
			files = (
			);
			runOnlyForDeploymentPostprocessing = 0;
		};
		24BB72DD2B612AAF00A0F82B /* Frameworks */ = {
			isa = PBXFrameworksBuildPhase;
			buildActionMask = 2147483647;
			files = (
			);
			runOnlyForDeploymentPostprocessing = 0;
		};
/* End PBXFrameworksBuildPhase section */

/* Begin PBXGroup section */
		24BB72B62B612AAE00A0F82B = {
			isa = PBXGroup;
			children = (
				24BB72C12B612AAE00A0F82B /* RecetasIos */,
				24BB72D82B612AAF00A0F82B /* RecetasIosTests */,
				24BB72E32B612AAF00A0F82B /* RecetasIosUITests */,
				24BB72C02B612AAE00A0F82B /* Products */,
			);
			sourceTree = "<group>";
		};
		24BB72C02B612AAE00A0F82B /* Products */ = {
			isa = PBXGroup;
			children = (
				24BB72BF2B612AAE00A0F82B /* RecetasIos.app */,
				24BB72D52B612AAF00A0F82B /* RecetasIosTests.xctest */,
				24BB72E02B612AAF00A0F82B /* RecetasIosUITests.xctest */,
			);
			name = Products;
			sourceTree = "<group>";
		};
		24BB72C12B612AAE00A0F82B /* RecetasIos */ = {
			isa = PBXGroup;
			children = (
				24BB730D2B61330900A0F82B /* controllers */,
				24BB73072B612CAD00A0F82B /* conexiones */,
				24BB73012B612C5E00A0F82B /* modelos */,
				24BB72C22B612AAE00A0F82B /* AppDelegate.swift */,
				24BB72C42B612AAE00A0F82B /* SceneDelegate.swift */,
				24BB72C62B612AAE00A0F82B /* ViewController.swift */,
				24BB72C82B612AAE00A0F82B /* Main.storyboard */,
				24BB72CB2B612AAF00A0F82B /* Assets.xcassets */,
				24BB72CD2B612AAF00A0F82B /* LaunchScreen.storyboard */,
				24BB72D02B612AAF00A0F82B /* Info.plist */,
			);
			path = RecetasIos;
			sourceTree = "<group>";
		};
		24BB72D82B612AAF00A0F82B /* RecetasIosTests */ = {
			isa = PBXGroup;
			children = (
				24BB72D92B612AAF00A0F82B /* RecetasIosTests.swift */,
				24BB72DB2B612AAF00A0F82B /* Info.plist */,
			);
			path = RecetasIosTests;
			sourceTree = "<group>";
		};
		24BB72E32B612AAF00A0F82B /* RecetasIosUITests */ = {
			isa = PBXGroup;
			children = (
				24BB72E42B612AAF00A0F82B /* RecetasIosUITests.swift */,
				24BB72E62B612AAF00A0F82B /* Info.plist */,
			);
			path = RecetasIosUITests;
			sourceTree = "<group>";
		};
		24BB73012B612C5E00A0F82B /* modelos */ = {
			isa = PBXGroup;
			children = (
				24BB73022B612C7300A0F82B /* modelos.swift */,
			);
			path = modelos;
			sourceTree = "<group>";
		};
		24BB73072B612CAD00A0F82B /* conexiones */ = {
			isa = PBXGroup;
			children = (
				24BB73082B612CC800A0F82B /* ApiConexiones.swift */,
			);
			path = conexiones;
			sourceTree = "<group>";
		};
		24BB730D2B61330900A0F82B /* controllers */ = {
			isa = PBXGroup;
			children = (
				24BB730E2B61335200A0F82B /* CeldaCategoriesTableViewCell.swift */,
				24BB73132B61439F00A0F82B /* MealsViewController.swift */,
				242DDE122B628E21004BA08A /* RecetaViewController.swift */,
			);
			path = controllers;
			sourceTree = "<group>";
		};
/* End PBXGroup section */

/* Begin PBXNativeTarget section */
		24BB72BE2B612AAE00A0F82B /* RecetasIos */ = {
			isa = PBXNativeTarget;
			buildConfigurationList = 24BB72E92B612AAF00A0F82B /* Build configuration list for PBXNativeTarget "RecetasIos" */;
			buildPhases = (
				24BB72BB2B612AAE00A0F82B /* Sources */,
				24BB72BC2B612AAE00A0F82B /* Frameworks */,
				24BB72BD2B612AAE00A0F82B /* Resources */,
			);
			buildRules = (
			);
			dependencies = (
			);
			name = RecetasIos;
			packageProductDependencies = (
				24BB72F62B612B2F00A0F82B /* Alamofire */,
				24BB72FC2B612B6800A0F82B /* AlamofireImage */,
			);
			productName = RecetasIos;
			productReference = 24BB72BF2B612AAE00A0F82B /* RecetasIos.app */;
			productType = "com.apple.product-type.application";
		};
		24BB72D42B612AAF00A0F82B /* RecetasIosTests */ = {
			isa = PBXNativeTarget;
			buildConfigurationList = 24BB72EC2B612AAF00A0F82B /* Build configuration list for PBXNativeTarget "RecetasIosTests" */;
			buildPhases = (
				24BB72D12B612AAF00A0F82B /* Sources */,
				24BB72D22B612AAF00A0F82B /* Frameworks */,
				24BB72D32B612AAF00A0F82B /* Resources */,
			);
			buildRules = (
			);
			dependencies = (
				24BB72D72B612AAF00A0F82B /* PBXTargetDependency */,
			);
			name = RecetasIosTests;
			productName = RecetasIosTests;
			productReference = 24BB72D52B612AAF00A0F82B /* RecetasIosTests.xctest */;
			productType = "com.apple.product-type.bundle.unit-test";
		};
		24BB72DF2B612AAF00A0F82B /* RecetasIosUITests */ = {
			isa = PBXNativeTarget;
			buildConfigurationList = 24BB72EF2B612AAF00A0F82B /* Build configuration list for PBXNativeTarget "RecetasIosUITests" */;
			buildPhases = (
				24BB72DC2B612AAF00A0F82B /* Sources */,
				24BB72DD2B612AAF00A0F82B /* Frameworks */,
				24BB72DE2B612AAF00A0F82B /* Resources */,
			);
			buildRules = (
			);
			dependencies = (
				24BB72E22B612AAF00A0F82B /* PBXTargetDependency */,
			);
			name = RecetasIosUITests;
			productName = RecetasIosUITests;
			productReference = 24BB72E02B612AAF00A0F82B /* RecetasIosUITests.xctest */;
			productType = "com.apple.product-type.bundle.ui-testing";
		};
/* End PBXNativeTarget section */

/* Begin PBXProject section */
		24BB72B72B612AAE00A0F82B /* Project object */ = {
			isa = PBXProject;
			attributes = {
				LastSwiftUpdateCheck = 1240;
				LastUpgradeCheck = 1240;
				TargetAttributes = {
					24BB72BE2B612AAE00A0F82B = {
						CreatedOnToolsVersion = 12.4;
					};
					24BB72D42B612AAF00A0F82B = {
						CreatedOnToolsVersion = 12.4;
						TestTargetID = 24BB72BE2B612AAE00A0F82B;
					};
					24BB72DF2B612AAF00A0F82B = {
						CreatedOnToolsVersion = 12.4;
						TestTargetID = 24BB72BE2B612AAE00A0F82B;
					};
				};
			};
			buildConfigurationList = 24BB72BA2B612AAE00A0F82B /* Build configuration list for PBXProject "RecetasIos" */;
			compatibilityVersion = "Xcode 9.3";
			developmentRegion = en;
			hasScannedForEncodings = 0;
			knownRegions = (
				en,
				Base,
			);
			mainGroup = 24BB72B62B612AAE00A0F82B;
			packageReferences = (
				24BB72F52B612B2F00A0F82B /* XCRemoteSwiftPackageReference "Alamofire" */,
				24BB72FB2B612B6800A0F82B /* XCRemoteSwiftPackageReference "AlamofireImage" */,
			);
			productRefGroup = 24BB72C02B612AAE00A0F82B /* Products */;
			projectDirPath = "";
			projectRoot = "";
			targets = (
				24BB72BE2B612AAE00A0F82B /* RecetasIos */,
				24BB72D42B612AAF00A0F82B /* RecetasIosTests */,
				24BB72DF2B612AAF00A0F82B /* RecetasIosUITests */,
			);
		};
/* End PBXProject section */

/* Begin PBXResourcesBuildPhase section */
		24BB72BD2B612AAE00A0F82B /* Resources */ = {
			isa = PBXResourcesBuildPhase;
			buildActionMask = 2147483647;
			files = (
				24BB72CF2B612AAF00A0F82B /* LaunchScreen.storyboard in Resources */,
				24BB72CC2B612AAF00A0F82B /* Assets.xcassets in Resources */,
				24BB72CA2B612AAE00A0F82B /* Main.storyboard in Resources */,
			);
			runOnlyForDeploymentPostprocessing = 0;
		};
		24BB72D32B612AAF00A0F82B /* Resources */ = {
			isa = PBXResourcesBuildPhase;
			buildActionMask = 2147483647;
			files = (
			);
			runOnlyForDeploymentPostprocessing = 0;
		};
		24BB72DE2B612AAF00A0F82B /* Resources */ = {
			isa = PBXResourcesBuildPhase;
			buildActionMask = 2147483647;
			files = (
			);
			runOnlyForDeploymentPostprocessing = 0;
		};
/* End PBXResourcesBuildPhase section */

/* Begin PBXSourcesBuildPhase section */
		24BB72BB2B612AAE00A0F82B /* Sources */ = {
			isa = PBXSourcesBuildPhase;
			buildActionMask = 2147483647;
			files = (
				242DDE132B628E21004BA08A /* RecetaViewController.swift in Sources */,
				24BB72C72B612AAE00A0F82B /* ViewController.swift in Sources */,
				24BB730F2B61335200A0F82B /* CeldaCategoriesTableViewCell.swift in Sources */,
				24BB72C32B612AAE00A0F82B /* AppDelegate.swift in Sources */,
				24BB73092B612CC800A0F82B /* ApiConexiones.swift in Sources */,
				24BB73142B61439F00A0F82B /* MealsViewController.swift in Sources */,
				24BB72C52B612AAE00A0F82B /* SceneDelegate.swift in Sources */,
				24BB73032B612C7300A0F82B /* modelos.swift in Sources */,
			);
			runOnlyForDeploymentPostprocessing = 0;
		};
		24BB72D12B612AAF00A0F82B /* Sources */ = {
			isa = PBXSourcesBuildPhase;
			buildActionMask = 2147483647;
			files = (
				24BB72DA2B612AAF00A0F82B /* RecetasIosTests.swift in Sources */,
			);
			runOnlyForDeploymentPostprocessing = 0;
		};
		24BB72DC2B612AAF00A0F82B /* Sources */ = {
			isa = PBXSourcesBuildPhase;
			buildActionMask = 2147483647;
			files = (
				24BB72E52B612AAF00A0F82B /* RecetasIosUITests.swift in Sources */,
			);
			runOnlyForDeploymentPostprocessing = 0;
		};
/* End PBXSourcesBuildPhase section */

/* Begin PBXTargetDependency section */
		24BB72D72B612AAF00A0F82B /* PBXTargetDependency */ = {
			isa = PBXTargetDependency;
			target = 24BB72BE2B612AAE00A0F82B /* RecetasIos */;
			targetProxy = 24BB72D62B612AAF00A0F82B /* PBXContainerItemProxy */;
		};
		24BB72E22B612AAF00A0F82B /* PBXTargetDependency */ = {
			isa = PBXTargetDependency;
			target = 24BB72BE2B612AAE00A0F82B /* RecetasIos */;
			targetProxy = 24BB72E12B612AAF00A0F82B /* PBXContainerItemProxy */;
		};
/* End PBXTargetDependency section */

/* Begin PBXVariantGroup section */
		24BB72C82B612AAE00A0F82B /* Main.storyboard */ = {
			isa = PBXVariantGroup;
			children = (
				24BB72C92B612AAE00A0F82B /* Base */,
			);
			name = Main.storyboard;
			sourceTree = "<group>";
		};
		24BB72CD2B612AAF00A0F82B /* LaunchScreen.storyboard */ = {
			isa = PBXVariantGroup;
			children = (
				24BB72CE2B612AAF00A0F82B /* Base */,
			);
			name = LaunchScreen.storyboard;
			sourceTree = "<group>";
		};
/* End PBXVariantGroup section */

/* Begin XCBuildConfiguration section */
		24BB72E72B612AAF00A0F82B /* Debug */ = {
			isa = XCBuildConfiguration;
			buildSettings = {
				ALWAYS_SEARCH_USER_PATHS = NO;
				CLANG_ANALYZER_NONNULL = YES;
				CLANG_ANALYZER_NUMBER_OBJECT_CONVERSION = YES_AGGRESSIVE;
				CLANG_CXX_LANGUAGE_STANDARD = "gnu++14";
				CLANG_CXX_LIBRARY = "libc++";
				CLANG_ENABLE_MODULES = YES;
				CLANG_ENABLE_OBJC_ARC = YES;
				CLANG_ENABLE_OBJC_WEAK = YES;
				CLANG_WARN_BLOCK_CAPTURE_AUTORELEASING = YES;
				CLANG_WARN_BOOL_CONVERSION = YES;
				CLANG_WARN_COMMA = YES;
				CLANG_WARN_CONSTANT_CONVERSION = YES;
				CLANG_WARN_DEPRECATED_OBJC_IMPLEMENTATIONS = YES;
				CLANG_WARN_DIRECT_OBJC_ISA_USAGE = YES_ERROR;
				CLANG_WARN_DOCUMENTATION_COMMENTS = YES;
				CLANG_WARN_EMPTY_BODY = YES;
				CLANG_WARN_ENUM_CONVERSION = YES;
				CLANG_WARN_INFINITE_RECURSION = YES;
				CLANG_WARN_INT_CONVERSION = YES;
				CLANG_WARN_NON_LITERAL_NULL_CONVERSION = YES;
				CLANG_WARN_OBJC_IMPLICIT_RETAIN_SELF = YES;
				CLANG_WARN_OBJC_LITERAL_CONVERSION = YES;
				CLANG_WARN_OBJC_ROOT_CLASS = YES_ERROR;
				CLANG_WARN_QUOTED_INCLUDE_IN_FRAMEWORK_HEADER = YES;
				CLANG_WARN_RANGE_LOOP_ANALYSIS = YES;
				CLANG_WARN_STRICT_PROTOTYPES = YES;
				CLANG_WARN_SUSPICIOUS_MOVE = YES;
				CLANG_WARN_UNGUARDED_AVAILABILITY = YES_AGGRESSIVE;
				CLANG_WARN_UNREACHABLE_CODE = YES;
				CLANG_WARN__DUPLICATE_METHOD_MATCH = YES;
				COPY_PHASE_STRIP = NO;
				DEBUG_INFORMATION_FORMAT = dwarf;
				ENABLE_STRICT_OBJC_MSGSEND = YES;
				ENABLE_TESTABILITY = YES;
				GCC_C_LANGUAGE_STANDARD = gnu11;
				GCC_DYNAMIC_NO_PIC = NO;
				GCC_NO_COMMON_BLOCKS = YES;
				GCC_OPTIMIZATION_LEVEL = 0;
				GCC_PREPROCESSOR_DEFINITIONS = (
					"DEBUG=1",
					"$(inherited)",
				);
				GCC_WARN_64_TO_32_BIT_CONVERSION = YES;
				GCC_WARN_ABOUT_RETURN_TYPE = YES_ERROR;
				GCC_WARN_UNDECLARED_SELECTOR = YES;
				GCC_WARN_UNINITIALIZED_AUTOS = YES_AGGRESSIVE;
				GCC_WARN_UNUSED_FUNCTION = YES;
				GCC_WARN_UNUSED_VARIABLE = YES;
				IPHONEOS_DEPLOYMENT_TARGET = 14.4;
				MTL_ENABLE_DEBUG_INFO = INCLUDE_SOURCE;
				MTL_FAST_MATH = YES;
				ONLY_ACTIVE_ARCH = YES;
				SDKROOT = iphoneos;
				SWIFT_ACTIVE_COMPILATION_CONDITIONS = DEBUG;
				SWIFT_OPTIMIZATION_LEVEL = "-Onone";
			};
			name = Debug;
		};
		24BB72E82B612AAF00A0F82B /* Release */ = {
			isa = XCBuildConfiguration;
			buildSettings = {
				ALWAYS_SEARCH_USER_PATHS = NO;
				CLANG_ANALYZER_NONNULL = YES;
				CLANG_ANALYZER_NUMBER_OBJECT_CONVERSION = YES_AGGRESSIVE;
				CLANG_CXX_LANGUAGE_STANDARD = "gnu++14";
				CLANG_CXX_LIBRARY = "libc++";
				CLANG_ENABLE_MODULES = YES;
				CLANG_ENABLE_OBJC_ARC = YES;
				CLANG_ENABLE_OBJC_WEAK = YES;
				CLANG_WARN_BLOCK_CAPTURE_AUTORELEASING = YES;
				CLANG_WARN_BOOL_CONVERSION = YES;
				CLANG_WARN_COMMA = YES;
				CLANG_WARN_CONSTANT_CONVERSION = YES;
				CLANG_WARN_DEPRECATED_OBJC_IMPLEMENTATIONS = YES;
				CLANG_WARN_DIRECT_OBJC_ISA_USAGE = YES_ERROR;
				CLANG_WARN_DOCUMENTATION_COMMENTS = YES;
				CLANG_WARN_EMPTY_BODY = YES;
				CLANG_WARN_ENUM_CONVERSION = YES;
				CLANG_WARN_INFINITE_RECURSION = YES;
				CLANG_WARN_INT_CONVERSION = YES;
				CLANG_WARN_NON_LITERAL_NULL_CONVERSION = YES;
				CLANG_WARN_OBJC_IMPLICIT_RETAIN_SELF = YES;
				CLANG_WARN_OBJC_LITERAL_CONVERSION = YES;
				CLANG_WARN_OBJC_ROOT_CLASS = YES_ERROR;
				CLANG_WARN_QUOTED_INCLUDE_IN_FRAMEWORK_HEADER = YES;
				CLANG_WARN_RANGE_LOOP_ANALYSIS = YES;
				CLANG_WARN_STRICT_PROTOTYPES = YES;
				CLANG_WARN_SUSPICIOUS_MOVE = YES;
				CLANG_WARN_UNGUARDED_AVAILABILITY = YES_AGGRESSIVE;
				CLANG_WARN_UNREACHABLE_CODE = YES;
				CLANG_WARN__DUPLICATE_METHOD_MATCH = YES;
				COPY_PHASE_STRIP = NO;
				DEBUG_INFORMATION_FORMAT = "dwarf-with-dsym";
				ENABLE_NS_ASSERTIONS = NO;
				ENABLE_STRICT_OBJC_MSGSEND = YES;
				GCC_C_LANGUAGE_STANDARD = gnu11;
				GCC_NO_COMMON_BLOCKS = YES;
				GCC_WARN_64_TO_32_BIT_CONVERSION = YES;
				GCC_WARN_ABOUT_RETURN_TYPE = YES_ERROR;
				GCC_WARN_UNDECLARED_SELECTOR = YES;
				GCC_WARN_UNINITIALIZED_AUTOS = YES_AGGRESSIVE;
				GCC_WARN_UNUSED_FUNCTION = YES;
				GCC_WARN_UNUSED_VARIABLE = YES;
				IPHONEOS_DEPLOYMENT_TARGET = 14.4;
				MTL_ENABLE_DEBUG_INFO = NO;
				MTL_FAST_MATH = YES;
				SDKROOT = iphoneos;
				SWIFT_COMPILATION_MODE = wholemodule;
				SWIFT_OPTIMIZATION_LEVEL = "-O";
				VALIDATE_PRODUCT = YES;
			};
			name = Release;
		};
		24BB72EA2B612AAF00A0F82B /* Debug */ = {
			isa = XCBuildConfiguration;
			buildSettings = {
				ASSETCATALOG_COMPILER_APPICON_NAME = AppIcon;
				ASSETCATALOG_COMPILER_GLOBAL_ACCENT_COLOR_NAME = AccentColor;
				CODE_SIGN_STYLE = Automatic;
				INFOPLIST_FILE = RecetasIos/Info.plist;
				LD_RUNPATH_SEARCH_PATHS = (
					"$(inherited)",
					"@executable_path/Frameworks",
				);
				PRODUCT_BUNDLE_IDENTIFIER = marcos.hernandez.RecetasIos;
				PRODUCT_NAME = "$(TARGET_NAME)";
				SWIFT_VERSION = 5.0;
				TARGETED_DEVICE_FAMILY = "1,2";
			};
			name = Debug;
		};
		24BB72EB2B612AAF00A0F82B /* Release */ = {
			isa = XCBuildConfiguration;
			buildSettings = {
				ASSETCATALOG_COMPILER_APPICON_NAME = AppIcon;
				ASSETCATALOG_COMPILER_GLOBAL_ACCENT_COLOR_NAME = AccentColor;
				CODE_SIGN_STYLE = Automatic;
				INFOPLIST_FILE = RecetasIos/Info.plist;
				LD_RUNPATH_SEARCH_PATHS = (
					"$(inherited)",
					"@executable_path/Frameworks",
				);
				PRODUCT_BUNDLE_IDENTIFIER = marcos.hernandez.RecetasIos;
				PRODUCT_NAME = "$(TARGET_NAME)";
				SWIFT_VERSION = 5.0;
				TARGETED_DEVICE_FAMILY = "1,2";
			};
			name = Release;
		};
		24BB72ED2B612AAF00A0F82B /* Debug */ = {
			isa = XCBuildConfiguration;
			buildSettings = {
				ALWAYS_EMBED_SWIFT_STANDARD_LIBRARIES = YES;
				BUNDLE_LOADER = "$(TEST_HOST)";
				CODE_SIGN_STYLE = Automatic;
				INFOPLIST_FILE = RecetasIosTests/Info.plist;
				IPHONEOS_DEPLOYMENT_TARGET = 14.4;
				LD_RUNPATH_SEARCH_PATHS = (
					"$(inherited)",
					"@executable_path/Frameworks",
					"@loader_path/Frameworks",
				);
				PRODUCT_BUNDLE_IDENTIFIER = marcos.hernandez.RecetasIosTests;
				PRODUCT_NAME = "$(TARGET_NAME)";
				SWIFT_VERSION = 5.0;
				TARGETED_DEVICE_FAMILY = "1,2";
				TEST_HOST = "$(BUILT_PRODUCTS_DIR)/RecetasIos.app/RecetasIos";
			};
			name = Debug;
		};
		24BB72EE2B612AAF00A0F82B /* Release */ = {
			isa = XCBuildConfiguration;
			buildSettings = {
				ALWAYS_EMBED_SWIFT_STANDARD_LIBRARIES = YES;
				BUNDLE_LOADER = "$(TEST_HOST)";
				CODE_SIGN_STYLE = Automatic;
				INFOPLIST_FILE = RecetasIosTests/Info.plist;
				IPHONEOS_DEPLOYMENT_TARGET = 14.4;
				LD_RUNPATH_SEARCH_PATHS = (
					"$(inherited)",
					"@executable_path/Frameworks",
					"@loader_path/Frameworks",
				);
				PRODUCT_BUNDLE_IDENTIFIER = marcos.hernandez.RecetasIosTests;
				PRODUCT_NAME = "$(TARGET_NAME)";
				SWIFT_VERSION = 5.0;
				TARGETED_DEVICE_FAMILY = "1,2";
				TEST_HOST = "$(BUILT_PRODUCTS_DIR)/RecetasIos.app/RecetasIos";
			};
			name = Release;
		};
		24BB72F02B612AAF00A0F82B /* Debug */ = {
			isa = XCBuildConfiguration;
			buildSettings = {
				ALWAYS_EMBED_SWIFT_STANDARD_LIBRARIES = YES;
				CODE_SIGN_STYLE = Automatic;
				INFOPLIST_FILE = RecetasIosUITests/Info.plist;
				LD_RUNPATH_SEARCH_PATHS = (
					"$(inherited)",
					"@executable_path/Frameworks",
					"@loader_path/Frameworks",
				);
				PRODUCT_BUNDLE_IDENTIFIER = marcos.hernandez.RecetasIosUITests;
				PRODUCT_NAME = "$(TARGET_NAME)";
				SWIFT_VERSION = 5.0;
				TARGETED_DEVICE_FAMILY = "1,2";
				TEST_TARGET_NAME = RecetasIos;
			};
			name = Debug;
		};
		24BB72F12B612AAF00A0F82B /* Release */ = {
			isa = XCBuildConfiguration;
			buildSettings = {
				ALWAYS_EMBED_SWIFT_STANDARD_LIBRARIES = YES;
				CODE_SIGN_STYLE = Automatic;
				INFOPLIST_FILE = RecetasIosUITests/Info.plist;
				LD_RUNPATH_SEARCH_PATHS = (
					"$(inherited)",
					"@executable_path/Frameworks",
					"@loader_path/Frameworks",
				);
				PRODUCT_BUNDLE_IDENTIFIER = marcos.hernandez.RecetasIosUITests;
				PRODUCT_NAME = "$(TARGET_NAME)";
				SWIFT_VERSION = 5.0;
				TARGETED_DEVICE_FAMILY = "1,2";
				TEST_TARGET_NAME = RecetasIos;
			};
			name = Release;
		};
/* End XCBuildConfiguration section */

/* Begin XCConfigurationList section */
		24BB72BA2B612AAE00A0F82B /* Build configuration list for PBXProject "RecetasIos" */ = {
			isa = XCConfigurationList;
			buildConfigurations = (
				24BB72E72B612AAF00A0F82B /* Debug */,
				24BB72E82B612AAF00A0F82B /* Release */,
			);
			defaultConfigurationIsVisible = 0;
			defaultConfigurationName = Release;
		};
		24BB72E92B612AAF00A0F82B /* Build configuration list for PBXNativeTarget "RecetasIos" */ = {
			isa = XCConfigurationList;
			buildConfigurations = (
				24BB72EA2B612AAF00A0F82B /* Debug */,
				24BB72EB2B612AAF00A0F82B /* Release */,
			);
			defaultConfigurationIsVisible = 0;
			defaultConfigurationName = Release;
		};
		24BB72EC2B612AAF00A0F82B /* Build configuration list for PBXNativeTarget "RecetasIosTests" */ = {
			isa = XCConfigurationList;
			buildConfigurations = (
				24BB72ED2B612AAF00A0F82B /* Debug */,
				24BB72EE2B612AAF00A0F82B /* Release */,
			);
			defaultConfigurationIsVisible = 0;
			defaultConfigurationName = Release;
		};
		24BB72EF2B612AAF00A0F82B /* Build configuration list for PBXNativeTarget "RecetasIosUITests" */ = {
			isa = XCConfigurationList;
			buildConfigurations = (
				24BB72F02B612AAF00A0F82B /* Debug */,
				24BB72F12B612AAF00A0F82B /* Release */,
			);
			defaultConfigurationIsVisible = 0;
			defaultConfigurationName = Release;
		};
/* End XCConfigurationList section */

/* Begin XCRemoteSwiftPackageReference section */
		24BB72F52B612B2F00A0F82B /* XCRemoteSwiftPackageReference "Alamofire" */ = {
			isa = XCRemoteSwiftPackageReference;
			repositoryURL = "https://github.com/Alamofire/Alamofire.git";
			requirement = {
				kind = upToNextMajorVersion;
				minimumVersion = 5.0.1;
			};
		};
		24BB72FB2B612B6800A0F82B /* XCRemoteSwiftPackageReference "AlamofireImage" */ = {
			isa = XCRemoteSwiftPackageReference;
			repositoryURL = "https://github.com/Alamofire/AlamofireImage.git";
			requirement = {
				kind = upToNextMajorVersion;
				minimumVersion = 4.0.0;
			};
		};
/* End XCRemoteSwiftPackageReference section */

/* Begin XCSwiftPackageProductDependency section */
		24BB72F62B612B2F00A0F82B /* Alamofire */ = {
			isa = XCSwiftPackageProductDependency;
			package = 24BB72F52B612B2F00A0F82B /* XCRemoteSwiftPackageReference "Alamofire" */;
			productName = Alamofire;
		};
		24BB72FC2B612B6800A0F82B /* AlamofireImage */ = {
			isa = XCSwiftPackageProductDependency;
			package = 24BB72FB2B612B6800A0F82B /* XCRemoteSwiftPackageReference "AlamofireImage" */;
			productName = AlamofireImage;
		};
/* End XCSwiftPackageProductDependency section */
	};
	rootObject = 24BB72B72B612AAE00A0F82B /* Project object */;
}
